{
  "name": "flood",
  "lockfileVersion": 3,
  "requires": true,
  "packages": {
    "": {
      "dependencies": {
        "flood": "^4.11.0"
      }
    },
    "node_modules/flood": {
      "version": "4.11.0",
      "resolved": "https://registry.npmjs.org/flood/-/flood-4.11.0.tgz",
      "integrity": "sha512-Hv6MRGeL+WXl2qVv9bovdZIl9zrcCuiCvE4L8sE/kVmGUI8AfblcvSCssuLecHS1PaySLjl/MAR2R3JaQBn52Q==",
      "license": "GPL-3.0-only",
      "bin": {
        "flood": "dist/index.js"
      },
      "engines": {
        "node": ">=16.0.0"
      }
    }
  }
}
