{
  "name": "flood",
  "lockfileVersion": 3,
  "requires": true,
  "packages": {
    "": {
      "dependencies": {
        "flood": "^4.16.0"
      }
    },
    "node_modules/flood": {
      "version": "4.16.0",
      "resolved": "https://registry.npmjs.org/flood/-/flood-4.16.0.tgz",
      "integrity": "sha512-UB+nMww35+NgwuV8s5Og0dCG5dxTO7Hz6D+Sx5CZtWH2JyGAUXDnwSabQUH7pF4wMUFuUrE11K0kYMouMrHAnA==",
      "license": "GPL-3.0-only",
      "bin": {
        "flood": "dist/index.js"
      },
      "engines": {
        "node": ">=22.0.0"
      }
    }
  }
}
