{
  "name": "flood",
  "lockfileVersion": 3,
  "requires": true,
  "packages": {
    "": {
      "dependencies": {
        "flood": "^4.13.9"
      }
    },
    "node_modules/flood": {
      "version": "4.13.9",
      "resolved": "https://registry.npmjs.org/flood/-/flood-4.13.9.tgz",
      "integrity": "sha512-jsD0hrrBiuR86I0I8u+GMY9yBGNY5jo0goD8QOd+H02JshDcc1yqjBoE2Qt+FNh/D5T6J/1OkZArhgl8xUY/LQ==",
      "license": "GPL-3.0-only",
      "bin": {
        "flood": "dist/index.js"
      },
      "engines": {
        "node": ">=22.0.0"
      }
    }
  }
}
